// !$*UTF8*$!
{
	archiveVersion = 1;
	classes = {
	};
	objectVersion = 55;
	objects = {

/* Begin PBXBuildFile section */
		4F75E144512ED934AA1321C9 /* Pods_GithubAPIsDemoTests.framework in Frameworks */ = {isa = PBXBuildFile; fileRef = 59341BA604A6A29B5F2AECD2 /* Pods_GithubAPIsDemoTests.framework */; };
		5D6EFB57C7118C8D136BAB5A /* Pods_GithubAPIsDemo_GithubAPIsDemoUITests.framework in Frameworks */ = {isa = PBXBuildFile; fileRef = 5DD3D0B242CEB0F8D0B20CCB /* Pods_GithubAPIsDemo_GithubAPIsDemoUITests.framework */; };
		8180E6E103D8ACD36DE4FFF0 /* Pods_GithubAPIsDemo.framework in Frameworks */ = {isa = PBXBuildFile; fileRef = 77064AFD711816A33AEEBA6E /* Pods_GithubAPIsDemo.framework */; };
		C42F710428CCC66700F96242 /* LoadViewShowing.swift in Sources */ = {isa = PBXBuildFile; fileRef = C42F710028CCC66700F96242 /* LoadViewShowing.swift */; };
		C42F710628CCC66700F96242 /* ErrorViewShowing.swift in Sources */ = {isa = PBXBuildFile; fileRef = C42F710328CCC66700F96242 /* ErrorViewShowing.swift */; };
		C42F710928CCC6FE00F96242 /* UsersListViewModel.swift in Sources */ = {isa = PBXBuildFile; fileRef = C42F710828CCC6FE00F96242 /* UsersListViewModel.swift */; };
		C42F710D28CCC8A900F96242 /* UsersListTableViewCell.swift in Sources */ = {isa = PBXBuildFile; fileRef = C42F710B28CCC8A900F96242 /* UsersListTableViewCell.swift */; };
		C42F710E28CCC8A900F96242 /* UsersListTableViewCell.xib in Resources */ = {isa = PBXBuildFile; fileRef = C42F710C28CCC8A900F96242 /* UsersListTableViewCell.xib */; };
		C42F711128CCCA4D00F96242 /* GithubService.swift in Sources */ = {isa = PBXBuildFile; fileRef = C42F711028CCCA4D00F96242 /* GithubService.swift */; };
		C42F711528CD259100F96242 /* Observerable.swift in Sources */ = {isa = PBXBuildFile; fileRef = C42F711428CD259100F96242 /* Observerable.swift */; };
		C42F711928CD6E8800F96242 /* ReposViewController.swift in Sources */ = {isa = PBXBuildFile; fileRef = C42F711728CD6E8800F96242 /* ReposViewController.swift */; };
		C42F711A28CD6E8800F96242 /* ReposViewController.xib in Resources */ = {isa = PBXBuildFile; fileRef = C42F711828CD6E8800F96242 /* ReposViewController.xib */; };
		C49F502D28CB724000C5CEAC /* AppDelegate.swift in Sources */ = {isa = PBXBuildFile; fileRef = C49F502C28CB724000C5CEAC /* AppDelegate.swift */; };
		C49F502F28CB724000C5CEAC /* SceneDelegate.swift in Sources */ = {isa = PBXBuildFile; fileRef = C49F502E28CB724000C5CEAC /* SceneDelegate.swift */; };
		C49F503628CB724200C5CEAC /* Assets.xcassets in Resources */ = {isa = PBXBuildFile; fileRef = C49F503528CB724200C5CEAC /* Assets.xcassets */; };
		C49F503928CB724200C5CEAC /* LaunchScreen.storyboard in Resources */ = {isa = PBXBuildFile; fileRef = C49F503728CB724200C5CEAC /* LaunchScreen.storyboard */; };
		C49F504428CB724200C5CEAC /* GithubAPIsDemoTests.swift in Sources */ = {isa = PBXBuildFile; fileRef = C49F504328CB724200C5CEAC /* GithubAPIsDemoTests.swift */; };
		C49F504E28CB724200C5CEAC /* GithubAPIsDemoUITests.swift in Sources */ = {isa = PBXBuildFile; fileRef = C49F504D28CB724200C5CEAC /* GithubAPIsDemoUITests.swift */; };
		C49F505028CB724200C5CEAC /* GithubAPIsDemoUITestsLaunchTests.swift in Sources */ = {isa = PBXBuildFile; fileRef = C49F504F28CB724200C5CEAC /* GithubAPIsDemoUITestsLaunchTests.swift */; };
		C49F508B28CB93C200C5CEAC /* UsersListViewController.swift in Sources */ = {isa = PBXBuildFile; fileRef = C49F508928CB93C200C5CEAC /* UsersListViewController.swift */; };
		C49F508C28CB93C200C5CEAC /* UsersViewController.xib in Resources */ = {isa = PBXBuildFile; fileRef = C49F508A28CB93C200C5CEAC /* UsersViewController.xib */; };
		C49F509028CBBFED00C5CEAC /* GithubEndpoint.swift in Sources */ = {isa = PBXBuildFile; fileRef = C49F508E28CBBFED00C5CEAC /* GithubEndpoint.swift */; };
		C49F509128CBBFED00C5CEAC /* HttpService.swift in Sources */ = {isa = PBXBuildFile; fileRef = C49F508F28CBBFED00C5CEAC /* HttpService.swift */; };
		C49F509328CBC15400C5CEAC /* EndpointProtocol.swift in Sources */ = {isa = PBXBuildFile; fileRef = C49F509228CBC15400C5CEAC /* EndpointProtocol.swift */; };
		C4A3403828CE372A004BC3CC /* UsersListCellViewModel.swift in Sources */ = {isa = PBXBuildFile; fileRef = C4A3403728CE372A004BC3CC /* UsersListCellViewModel.swift */; };
/* End PBXBuildFile section */

/* Begin PBXContainerItemProxy section */
		C49F504028CB724200C5CEAC /* PBXContainerItemProxy */ = {
			isa = PBXContainerItemProxy;
			containerPortal = C49F502128CB724000C5CEAC /* Project object */;
			proxyType = 1;
			remoteGlobalIDString = C49F502828CB724000C5CEAC;
			remoteInfo = GithubAPIsDemo;
		};
		C49F504A28CB724200C5CEAC /* PBXContainerItemProxy */ = {
			isa = PBXContainerItemProxy;
			containerPortal = C49F502128CB724000C5CEAC /* Project object */;
			proxyType = 1;
			remoteGlobalIDString = C49F502828CB724000C5CEAC;
			remoteInfo = GithubAPIsDemo;
		};
/* End PBXContainerItemProxy section */

/* Begin PBXFileReference section */
		06D4546F796BB9D352F6A6A7 /* Pods-GithubAPIsDemo.debug.xcconfig */ = {isa = PBXFileReference; includeInIndex = 1; lastKnownFileType = text.xcconfig; name = "Pods-GithubAPIsDemo.debug.xcconfig"; path = "Target Support Files/Pods-GithubAPIsDemo/Pods-GithubAPIsDemo.debug.xcconfig"; sourceTree = "<group>"; };
		59341BA604A6A29B5F2AECD2 /* Pods_GithubAPIsDemoTests.framework */ = {isa = PBXFileReference; explicitFileType = wrapper.framework; includeInIndex = 0; path = Pods_GithubAPIsDemoTests.framework; sourceTree = BUILT_PRODUCTS_DIR; };
		5DD3D0B242CEB0F8D0B20CCB /* Pods_GithubAPIsDemo_GithubAPIsDemoUITests.framework */ = {isa = PBXFileReference; explicitFileType = wrapper.framework; includeInIndex = 0; path = Pods_GithubAPIsDemo_GithubAPIsDemoUITests.framework; sourceTree = BUILT_PRODUCTS_DIR; };
		77064AFD711816A33AEEBA6E /* Pods_GithubAPIsDemo.framework */ = {isa = PBXFileReference; explicitFileType = wrapper.framework; includeInIndex = 0; path = Pods_GithubAPIsDemo.framework; sourceTree = BUILT_PRODUCTS_DIR; };
		93F3DF9DA6CFC7EB3309C130 /* Pods-GithubAPIsDemo.release.xcconfig */ = {isa = PBXFileReference; includeInIndex = 1; lastKnownFileType = text.xcconfig; name = "Pods-GithubAPIsDemo.release.xcconfig"; path = "Target Support Files/Pods-GithubAPIsDemo/Pods-GithubAPIsDemo.release.xcconfig"; sourceTree = "<group>"; };
		9E80BCFC2726BF3EBAA9EADC /* Pods-GithubAPIsDemoTests.debug.xcconfig */ = {isa = PBXFileReference; includeInIndex = 1; lastKnownFileType = text.xcconfig; name = "Pods-GithubAPIsDemoTests.debug.xcconfig"; path = "Target Support Files/Pods-GithubAPIsDemoTests/Pods-GithubAPIsDemoTests.debug.xcconfig"; sourceTree = "<group>"; };
		A908C33A94F551512F4561F5 /* Pods-GithubAPIsDemo-GithubAPIsDemoUITests.debug.xcconfig */ = {isa = PBXFileReference; includeInIndex = 1; lastKnownFileType = text.xcconfig; name = "Pods-GithubAPIsDemo-GithubAPIsDemoUITests.debug.xcconfig"; path = "Target Support Files/Pods-GithubAPIsDemo-GithubAPIsDemoUITests/Pods-GithubAPIsDemo-GithubAPIsDemoUITests.debug.xcconfig"; sourceTree = "<group>"; };
		C42F710028CCC66700F96242 /* LoadViewShowing.swift */ = {isa = PBXFileReference; fileEncoding = 4; lastKnownFileType = sourcecode.swift; path = LoadViewShowing.swift; sourceTree = "<group>"; };
		C42F710328CCC66700F96242 /* ErrorViewShowing.swift */ = {isa = PBXFileReference; fileEncoding = 4; lastKnownFileType = sourcecode.swift; path = ErrorViewShowing.swift; sourceTree = "<group>"; };
		C42F710828CCC6FE00F96242 /* UsersListViewModel.swift */ = {isa = PBXFileReference; fileEncoding = 4; lastKnownFileType = sourcecode.swift; path = UsersListViewModel.swift; sourceTree = "<group>"; };
		C42F710B28CCC8A900F96242 /* UsersListTableViewCell.swift */ = {isa = PBXFileReference; fileEncoding = 4; lastKnownFileType = sourcecode.swift; path = UsersListTableViewCell.swift; sourceTree = "<group>"; };
		C42F710C28CCC8A900F96242 /* UsersListTableViewCell.xib */ = {isa = PBXFileReference; fileEncoding = 4; lastKnownFileType = file.xib; path = UsersListTableViewCell.xib; sourceTree = "<group>"; };
		C42F711028CCCA4D00F96242 /* GithubService.swift */ = {isa = PBXFileReference; fileEncoding = 4; lastKnownFileType = sourcecode.swift; path = GithubService.swift; sourceTree = "<group>"; };
		C42F711428CD259100F96242 /* Observerable.swift */ = {isa = PBXFileReference; lastKnownFileType = sourcecode.swift; path = Observerable.swift; sourceTree = "<group>"; };
		C42F711728CD6E8800F96242 /* ReposViewController.swift */ = {isa = PBXFileReference; lastKnownFileType = sourcecode.swift; path = ReposViewController.swift; sourceTree = "<group>"; };
		C42F711828CD6E8800F96242 /* ReposViewController.xib */ = {isa = PBXFileReference; lastKnownFileType = file.xib; path = ReposViewController.xib; sourceTree = "<group>"; };
		C49F502928CB724000C5CEAC /* GithubAPIsDemo.app */ = {isa = PBXFileReference; explicitFileType = wrapper.application; includeInIndex = 0; path = GithubAPIsDemo.app; sourceTree = BUILT_PRODUCTS_DIR; };
		C49F502C28CB724000C5CEAC /* AppDelegate.swift */ = {isa = PBXFileReference; lastKnownFileType = sourcecode.swift; path = AppDelegate.swift; sourceTree = "<group>"; };
		C49F502E28CB724000C5CEAC /* SceneDelegate.swift */ = {isa = PBXFileReference; lastKnownFileType = sourcecode.swift; path = SceneDelegate.swift; sourceTree = "<group>"; };
		C49F503528CB724200C5CEAC /* Assets.xcassets */ = {isa = PBXFileReference; lastKnownFileType = folder.assetcatalog; path = Assets.xcassets; sourceTree = "<group>"; };
		C49F503828CB724200C5CEAC /* Base */ = {isa = PBXFileReference; lastKnownFileType = file.storyboard; name = Base; path = Base.lproj/LaunchScreen.storyboard; sourceTree = "<group>"; };
		C49F503A28CB724200C5CEAC /* Info.plist */ = {isa = PBXFileReference; lastKnownFileType = text.plist.xml; path = Info.plist; sourceTree = "<group>"; };
		C49F503F28CB724200C5CEAC /* GithubAPIsDemoTests.xctest */ = {isa = PBXFileReference; explicitFileType = wrapper.cfbundle; includeInIndex = 0; path = GithubAPIsDemoTests.xctest; sourceTree = BUILT_PRODUCTS_DIR; };
		C49F504328CB724200C5CEAC /* GithubAPIsDemoTests.swift */ = {isa = PBXFileReference; lastKnownFileType = sourcecode.swift; path = GithubAPIsDemoTests.swift; sourceTree = "<group>"; };
		C49F504928CB724200C5CEAC /* GithubAPIsDemoUITests.xctest */ = {isa = PBXFileReference; explicitFileType = wrapper.cfbundle; includeInIndex = 0; path = GithubAPIsDemoUITests.xctest; sourceTree = BUILT_PRODUCTS_DIR; };
		C49F504D28CB724200C5CEAC /* GithubAPIsDemoUITests.swift */ = {isa = PBXFileReference; lastKnownFileType = sourcecode.swift; path = GithubAPIsDemoUITests.swift; sourceTree = "<group>"; };
		C49F504F28CB724200C5CEAC /* GithubAPIsDemoUITestsLaunchTests.swift */ = {isa = PBXFileReference; lastKnownFileType = sourcecode.swift; path = GithubAPIsDemoUITestsLaunchTests.swift; sourceTree = "<group>"; };
		C49F508928CB93C200C5CEAC /* UsersListViewController.swift */ = {isa = PBXFileReference; lastKnownFileType = sourcecode.swift; path = UsersListViewController.swift; sourceTree = "<group>"; };
		C49F508A28CB93C200C5CEAC /* UsersViewController.xib */ = {isa = PBXFileReference; lastKnownFileType = file.xib; path = UsersViewController.xib; sourceTree = "<group>"; };
		C49F508E28CBBFED00C5CEAC /* GithubEndpoint.swift */ = {isa = PBXFileReference; fileEncoding = 4; lastKnownFileType = sourcecode.swift; path = GithubEndpoint.swift; sourceTree = "<group>"; };
		C49F508F28CBBFED00C5CEAC /* HttpService.swift */ = {isa = PBXFileReference; fileEncoding = 4; lastKnownFileType = sourcecode.swift; path = HttpService.swift; sourceTree = "<group>"; };
		C49F509228CBC15400C5CEAC /* EndpointProtocol.swift */ = {isa = PBXFileReference; lastKnownFileType = sourcecode.swift; path = EndpointProtocol.swift; sourceTree = "<group>"; };
		C4A3403728CE372A004BC3CC /* UsersListCellViewModel.swift */ = {isa = PBXFileReference; lastKnownFileType = sourcecode.swift; path = UsersListCellViewModel.swift; sourceTree = "<group>"; };
		E4CD03A15E693A505F95FF4B /* Pods-GithubAPIsDemo-GithubAPIsDemoUITests.release.xcconfig */ = {isa = PBXFileReference; includeInIndex = 1; lastKnownFileType = text.xcconfig; name = "Pods-GithubAPIsDemo-GithubAPIsDemoUITests.release.xcconfig"; path = "Target Support Files/Pods-GithubAPIsDemo-GithubAPIsDemoUITests/Pods-GithubAPIsDemo-GithubAPIsDemoUITests.release.xcconfig"; sourceTree = "<group>"; };
		F52A382746AC6CEA9EDEC65A /* Pods-GithubAPIsDemoTests.release.xcconfig */ = {isa = PBXFileReference; includeInIndex = 1; lastKnownFileType = text.xcconfig; name = "Pods-GithubAPIsDemoTests.release.xcconfig"; path = "Target Support Files/Pods-GithubAPIsDemoTests/Pods-GithubAPIsDemoTests.release.xcconfig"; sourceTree = "<group>"; };
/* End PBXFileReference section */

/* Begin PBXFrameworksBuildPhase section */
		C49F502628CB724000C5CEAC /* Frameworks */ = {
			isa = PBXFrameworksBuildPhase;
			buildActionMask = 2147483647;
			files = (
				8180E6E103D8ACD36DE4FFF0 /* Pods_GithubAPIsDemo.framework in Frameworks */,
			);
			runOnlyForDeploymentPostprocessing = 0;
		};
		C49F503C28CB724200C5CEAC /* Frameworks */ = {
			isa = PBXFrameworksBuildPhase;
			buildActionMask = 2147483647;
			files = (
				4F75E144512ED934AA1321C9 /* Pods_GithubAPIsDemoTests.framework in Frameworks */,
			);
			runOnlyForDeploymentPostprocessing = 0;
		};
		C49F504628CB724200C5CEAC /* Frameworks */ = {
			isa = PBXFrameworksBuildPhase;
			buildActionMask = 2147483647;
			files = (
				5D6EFB57C7118C8D136BAB5A /* Pods_GithubAPIsDemo_GithubAPIsDemoUITests.framework in Frameworks */,
			);
			runOnlyForDeploymentPostprocessing = 0;
		};
/* End PBXFrameworksBuildPhase section */

/* Begin PBXGroup section */
		1C15BBC0F084E87FE67FC417 /* Pods */ = {
			isa = PBXGroup;
			children = (
				06D4546F796BB9D352F6A6A7 /* Pods-GithubAPIsDemo.debug.xcconfig */,
				93F3DF9DA6CFC7EB3309C130 /* Pods-GithubAPIsDemo.release.xcconfig */,
				A908C33A94F551512F4561F5 /* Pods-GithubAPIsDemo-GithubAPIsDemoUITests.debug.xcconfig */,
				E4CD03A15E693A505F95FF4B /* Pods-GithubAPIsDemo-GithubAPIsDemoUITests.release.xcconfig */,
				9E80BCFC2726BF3EBAA9EADC /* Pods-GithubAPIsDemoTests.debug.xcconfig */,
				F52A382746AC6CEA9EDEC65A /* Pods-GithubAPIsDemoTests.release.xcconfig */,
			);
			path = Pods;
			sourceTree = "<group>";
		};
		C418F80928CE5D3800039C32 /* View */ = {
			isa = PBXGroup;
			children = (
				C42F710B28CCC8A900F96242 /* UsersListTableViewCell.swift */,
				C42F710C28CCC8A900F96242 /* UsersListTableViewCell.xib */,
			);
			path = View;
			sourceTree = "<group>";
		};
		C418F80A28CE5DAA00039C32 /* View */ = {
			isa = PBXGroup;
			children = (
				C49F508A28CB93C200C5CEAC /* UsersViewController.xib */,
				C49F508928CB93C200C5CEAC /* UsersListViewController.swift */,
			);
			path = View;
			sourceTree = "<group>";
		};
		C418F80B28CE5DC600039C32 /* ViewModel */ = {
			isa = PBXGroup;
			children = (
				C42F710828CCC6FE00F96242 /* UsersListViewModel.swift */,
			);
			path = ViewModel;
			sourceTree = "<group>";
		};
		C418F80C28CE5E4C00039C32 /* Features */ = {
			isa = PBXGroup;
			children = (
				C42F711228CD187400F96242 /* UsersList */,
				C418F80D28CE5E6600039C32 /* UserRepos */,
			);
			path = Features;
			sourceTree = "<group>";
		};
		C418F80D28CE5E6600039C32 /* UserRepos */ = {
			isa = PBXGroup;
			children = (
				C418F80E28CE5E8D00039C32 /* View */,
			);
			path = UserRepos;
			sourceTree = "<group>";
		};
		C418F80E28CE5E8D00039C32 /* View */ = {
			isa = PBXGroup;
			children = (
				C42F711728CD6E8800F96242 /* ReposViewController.swift */,
				C42F711828CD6E8800F96242 /* ReposViewController.xib */,
			);
			path = View;
			sourceTree = "<group>";
		};
		C418F80F28CE5EAE00039C32 /* Core */ = {
			isa = PBXGroup;
			children = (
				C49F508F28CBBFED00C5CEAC /* HttpService.swift */,
			);
			path = Core;
			sourceTree = "<group>";
		};
		C418F81128CE5F2900039C32 /* Endpoints */ = {
			isa = PBXGroup;
			children = (
				C49F509228CBC15400C5CEAC /* EndpointProtocol.swift */,
				C49F508E28CBBFED00C5CEAC /* GithubEndpoint.swift */,
			);
			path = Endpoints;
			sourceTree = "<group>";
		};
		C42F70FE28CCC66700F96242 /* Helpers */ = {
			isa = PBXGroup;
			children = (
				C42F70FF28CCC66700F96242 /* Loading */,
				C42F710228CCC66700F96242 /* Error */,
				C42F711628CD38C400F96242 /* Observerable */,
			);
			path = Helpers;
			sourceTree = "<group>";
		};
		C42F70FF28CCC66700F96242 /* Loading */ = {
			isa = PBXGroup;
			children = (
				C42F710028CCC66700F96242 /* LoadViewShowing.swift */,
			);
			path = Loading;
			sourceTree = "<group>";
		};
		C42F710228CCC66700F96242 /* Error */ = {
			isa = PBXGroup;
			children = (
				C42F710328CCC66700F96242 /* ErrorViewShowing.swift */,
			);
			path = Error;
			sourceTree = "<group>";
		};
		C42F710728CCC6FE00F96242 /* ViewModel */ = {
			isa = PBXGroup;
			children = (
				C4A3403728CE372A004BC3CC /* UsersListCellViewModel.swift */,
			);
			path = ViewModel;
			sourceTree = "<group>";
		};
		C42F710A28CCC8A900F96242 /* Cell */ = {
			isa = PBXGroup;
			children = (
				C418F80928CE5D3800039C32 /* View */,
				C42F710728CCC6FE00F96242 /* ViewModel */,
			);
			path = Cell;
			sourceTree = "<group>";
		};
		C42F710F28CCCA4D00F96242 /* Services */ = {
			isa = PBXGroup;
			children = (
				C42F711328CD228800F96242 /* GithubService */,
			);
			path = Services;
			sourceTree = "<group>";
		};
		C42F711228CD187400F96242 /* UsersList */ = {
			isa = PBXGroup;
			children = (
				C418F80A28CE5DAA00039C32 /* View */,
				C418F80B28CE5DC600039C32 /* ViewModel */,
				C42F710A28CCC8A900F96242 /* Cell */,
			);
			path = UsersList;
			sourceTree = "<group>";
		};
		C42F711328CD228800F96242 /* GithubService */ = {
			isa = PBXGroup;
			children = (
				C42F711028CCCA4D00F96242 /* GithubService.swift */,
			);
			path = GithubService;
			sourceTree = "<group>";
		};
		C42F711628CD38C400F96242 /* Observerable */ = {
			isa = PBXGroup;
			children = (
				C42F711428CD259100F96242 /* Observerable.swift */,
			);
			path = Observerable;
			sourceTree = "<group>";
		};
		C49F502028CB724000C5CEAC = {
			isa = PBXGroup;
			children = (
				C49F502B28CB724000C5CEAC /* GithubAPIsDemo */,
				C49F504228CB724200C5CEAC /* GithubAPIsDemoTests */,
				C49F504C28CB724200C5CEAC /* GithubAPIsDemoUITests */,
				C49F502A28CB724000C5CEAC /* Products */,
				1C15BBC0F084E87FE67FC417 /* Pods */,
				CF7109DFAC0328A7C005CE5A /* Frameworks */,
			);
			sourceTree = "<group>";
		};
		C49F502A28CB724000C5CEAC /* Products */ = {
			isa = PBXGroup;
			children = (
				C49F502928CB724000C5CEAC /* GithubAPIsDemo.app */,
				C49F503F28CB724200C5CEAC /* GithubAPIsDemoTests.xctest */,
				C49F504928CB724200C5CEAC /* GithubAPIsDemoUITests.xctest */,
			);
			name = Products;
			sourceTree = "<group>";
		};
		C49F502B28CB724000C5CEAC /* GithubAPIsDemo */ = {
			isa = PBXGroup;
			children = (
				C49F502C28CB724000C5CEAC /* AppDelegate.swift */,
				C49F502E28CB724000C5CEAC /* SceneDelegate.swift */,
				C49F508D28CBBFED00C5CEAC /* Network */,
				C418F81128CE5F2900039C32 /* Endpoints */,
				C42F710F28CCCA4D00F96242 /* Services */,
				C418F80C28CE5E4C00039C32 /* Features */,
				C42F70FE28CCC66700F96242 /* Helpers */,
				C49F503528CB724200C5CEAC /* Assets.xcassets */,
				C49F503728CB724200C5CEAC /* LaunchScreen.storyboard */,
				C49F503A28CB724200C5CEAC /* Info.plist */,
			);
			path = GithubAPIsDemo;
			sourceTree = "<group>";
		};
		C49F504228CB724200C5CEAC /* GithubAPIsDemoTests */ = {
			isa = PBXGroup;
			children = (
				C49F504328CB724200C5CEAC /* GithubAPIsDemoTests.swift */,
			);
			path = GithubAPIsDemoTests;
			sourceTree = "<group>";
		};
		C49F504C28CB724200C5CEAC /* GithubAPIsDemoUITests */ = {
			isa = PBXGroup;
			children = (
				C49F504D28CB724200C5CEAC /* GithubAPIsDemoUITests.swift */,
				C49F504F28CB724200C5CEAC /* GithubAPIsDemoUITestsLaunchTests.swift */,
			);
			path = GithubAPIsDemoUITests;
			sourceTree = "<group>";
		};
		C49F508D28CBBFED00C5CEAC /* Network */ = {
			isa = PBXGroup;
			children = (
				C418F80F28CE5EAE00039C32 /* Core */,
			);
			path = Network;
			sourceTree = "<group>";
		};
		CF7109DFAC0328A7C005CE5A /* Frameworks */ = {
			isa = PBXGroup;
			children = (
				77064AFD711816A33AEEBA6E /* Pods_GithubAPIsDemo.framework */,
				5DD3D0B242CEB0F8D0B20CCB /* Pods_GithubAPIsDemo_GithubAPIsDemoUITests.framework */,
				59341BA604A6A29B5F2AECD2 /* Pods_GithubAPIsDemoTests.framework */,
			);
			name = Frameworks;
			sourceTree = "<group>";
		};
/* End PBXGroup section */

/* Begin PBXNativeTarget section */
		C49F502828CB724000C5CEAC /* GithubAPIsDemo */ = {
			isa = PBXNativeTarget;
			buildConfigurationList = C49F505328CB724200C5CEAC /* Build configuration list for PBXNativeTarget "GithubAPIsDemo" */;
			buildPhases = (
				D4E2C71DF347F93F5DCA2016 /* [CP] Check Pods Manifest.lock */,
				C49F502528CB724000C5CEAC /* Sources */,
				C49F502628CB724000C5CEAC /* Frameworks */,
				C49F502728CB724000C5CEAC /* Resources */,
				626ECAA7DA98591CA0E82618 /* [CP] Embed Pods Frameworks */,
			);
			buildRules = (
			);
			dependencies = (
			);
			name = GithubAPIsDemo;
			productName = GithubAPIsDemo;
			productReference = C49F502928CB724000C5CEAC /* GithubAPIsDemo.app */;
			productType = "com.apple.product-type.application";
		};
		C49F503E28CB724200C5CEAC /* GithubAPIsDemoTests */ = {
			isa = PBXNativeTarget;
			buildConfigurationList = C49F505628CB724200C5CEAC /* Build configuration list for PBXNativeTarget "GithubAPIsDemoTests" */;
			buildPhases = (
				88B984ADE4F931002923A6C3 /* [CP] Check Pods Manifest.lock */,
				C49F503B28CB724200C5CEAC /* Sources */,
				C49F503C28CB724200C5CEAC /* Frameworks */,
				C49F503D28CB724200C5CEAC /* Resources */,
			);
			buildRules = (
			);
			dependencies = (
				C49F504128CB724200C5CEAC /* PBXTargetDependency */,
			);
			name = GithubAPIsDemoTests;
			productName = GithubAPIsDemoTests;
			productReference = C49F503F28CB724200C5CEAC /* GithubAPIsDemoTests.xctest */;
			productType = "com.apple.product-type.bundle.unit-test";
		};
		C49F504828CB724200C5CEAC /* GithubAPIsDemoUITests */ = {
			isa = PBXNativeTarget;
			buildConfigurationList = C49F505928CB724200C5CEAC /* Build configuration list for PBXNativeTarget "GithubAPIsDemoUITests" */;
			buildPhases = (
				7ACFAF2DC14C27F29AD6EF45 /* [CP] Check Pods Manifest.lock */,
				C49F504528CB724200C5CEAC /* Sources */,
				C49F504628CB724200C5CEAC /* Frameworks */,
				C49F504728CB724200C5CEAC /* Resources */,
				4B9567EB71A086934D4F04B1 /* [CP] Embed Pods Frameworks */,
			);
			buildRules = (
			);
			dependencies = (
				C49F504B28CB724200C5CEAC /* PBXTargetDependency */,
			);
			name = GithubAPIsDemoUITests;
			productName = GithubAPIsDemoUITests;
			productReference = C49F504928CB724200C5CEAC /* GithubAPIsDemoUITests.xctest */;
			productType = "com.apple.product-type.bundle.ui-testing";
		};
/* End PBXNativeTarget section */

/* Begin PBXProject section */
		C49F502128CB724000C5CEAC /* Project object */ = {
			isa = PBXProject;
			attributes = {
				BuildIndependentTargetsInParallel = 1;
				LastSwiftUpdateCheck = 1330;
				LastUpgradeCheck = 1330;
				TargetAttributes = {
					C49F502828CB724000C5CEAC = {
						CreatedOnToolsVersion = 13.3.1;
					};
					C49F503E28CB724200C5CEAC = {
						CreatedOnToolsVersion = 13.3.1;
						TestTargetID = C49F502828CB724000C5CEAC;
					};
					C49F504828CB724200C5CEAC = {
						CreatedOnToolsVersion = 13.3.1;
						TestTargetID = C49F502828CB724000C5CEAC;
					};
				};
			};
			buildConfigurationList = C49F502428CB724000C5CEAC /* Build configuration list for PBXProject "GithubAPIsDemo" */;
			compatibilityVersion = "Xcode 13.0";
			developmentRegion = en;
			hasScannedForEncodings = 0;
			knownRegions = (
				en,
				Base,
			);
			mainGroup = C49F502028CB724000C5CEAC;
			productRefGroup = C49F502A28CB724000C5CEAC /* Products */;
			projectDirPath = "";
			projectRoot = "";
			targets = (
				C49F502828CB724000C5CEAC /* GithubAPIsDemo */,
				C49F503E28CB724200C5CEAC /* GithubAPIsDemoTests */,
				C49F504828CB724200C5CEAC /* GithubAPIsDemoUITests */,
			);
		};
/* End PBXProject section */

/* Begin PBXResourcesBuildPhase section */
		C49F502728CB724000C5CEAC /* Resources */ = {
			isa = PBXResourcesBuildPhase;
			buildActionMask = 2147483647;
			files = (
				C42F710E28CCC8A900F96242 /* UsersListTableViewCell.xib in Resources */,
				C49F503928CB724200C5CEAC /* LaunchScreen.storyboard in Resources */,
				C49F508C28CB93C200C5CEAC /* UsersViewController.xib in Resources */,
				C49F503628CB724200C5CEAC /* Assets.xcassets in Resources */,
				C42F711A28CD6E8800F96242 /* ReposViewController.xib in Resources */,
			);
			runOnlyForDeploymentPostprocessing = 0;
		};
		C49F503D28CB724200C5CEAC /* Resources */ = {
			isa = PBXResourcesBuildPhase;
			buildActionMask = 2147483647;
			files = (
			);
			runOnlyForDeploymentPostprocessing = 0;
		};
		C49F504728CB724200C5CEAC /* Resources */ = {
			isa = PBXResourcesBuildPhase;
			buildActionMask = 2147483647;
			files = (
			);
			runOnlyForDeploymentPostprocessing = 0;
		};
/* End PBXResourcesBuildPhase section */

/* Begin PBXShellScriptBuildPhase section */
		4B9567EB71A086934D4F04B1 /* [CP] Embed Pods Frameworks */ = {
			isa = PBXShellScriptBuildPhase;
			buildActionMask = 2147483647;
			files = (
			);
			inputFileListPaths = (
				"${PODS_ROOT}/Target Support Files/Pods-GithubAPIsDemo-GithubAPIsDemoUITests/Pods-GithubAPIsDemo-GithubAPIsDemoUITests-frameworks-${CONFIGURATION}-input-files.xcfilelist",
			);
			name = "[CP] Embed Pods Frameworks";
			outputFileListPaths = (
				"${PODS_ROOT}/Target Support Files/Pods-GithubAPIsDemo-GithubAPIsDemoUITests/Pods-GithubAPIsDemo-GithubAPIsDemoUITests-frameworks-${CONFIGURATION}-output-files.xcfilelist",
			);
			runOnlyForDeploymentPostprocessing = 0;
			shellPath = /bin/sh;
			shellScript = "\"${PODS_ROOT}/Target Support Files/Pods-GithubAPIsDemo-GithubAPIsDemoUITests/Pods-GithubAPIsDemo-GithubAPIsDemoUITests-frameworks.sh\"\n";
			showEnvVarsInLog = 0;
		};
		626ECAA7DA98591CA0E82618 /* [CP] Embed Pods Frameworks */ = {
			isa = PBXShellScriptBuildPhase;
			buildActionMask = 2147483647;
			files = (
			);
			inputFileListPaths = (
				"${PODS_ROOT}/Target Support Files/Pods-GithubAPIsDemo/Pods-GithubAPIsDemo-frameworks-${CONFIGURATION}-input-files.xcfilelist",
			);
			name = "[CP] Embed Pods Frameworks";
			outputFileListPaths = (
				"${PODS_ROOT}/Target Support Files/Pods-GithubAPIsDemo/Pods-GithubAPIsDemo-frameworks-${CONFIGURATION}-output-files.xcfilelist",
			);
			runOnlyForDeploymentPostprocessing = 0;
			shellPath = /bin/sh;
			shellScript = "\"${PODS_ROOT}/Target Support Files/Pods-GithubAPIsDemo/Pods-GithubAPIsDemo-frameworks.sh\"\n";
			showEnvVarsInLog = 0;
		};
		7ACFAF2DC14C27F29AD6EF45 /* [CP] Check Pods Manifest.lock */ = {
			isa = PBXShellScriptBuildPhase;
			buildActionMask = 2147483647;
			files = (
			);
			inputFileListPaths = (
			);
			inputPaths = (
				"${PODS_PODFILE_DIR_PATH}/Podfile.lock",
				"${PODS_ROOT}/Manifest.lock",
			);
			name = "[CP] Check Pods Manifest.lock";
			outputFileListPaths = (
			);
			outputPaths = (
				"$(DERIVED_FILE_DIR)/Pods-GithubAPIsDemo-GithubAPIsDemoUITests-checkManifestLockResult.txt",
			);
			runOnlyForDeploymentPostprocessing = 0;
			shellPath = /bin/sh;
			shellScript = "diff \"${PODS_PODFILE_DIR_PATH}/Podfile.lock\" \"${PODS_ROOT}/Manifest.lock\" > /dev/null\nif [ $? != 0 ] ; then\n    # print error to STDERR\n    echo \"error: The sandbox is not in sync with the Podfile.lock. Run 'pod install' or update your CocoaPods installation.\" >&2\n    exit 1\nfi\n# This output is used by Xcode 'outputs' to avoid re-running this script phase.\necho \"SUCCESS\" > \"${SCRIPT_OUTPUT_FILE_0}\"\n";
			showEnvVarsInLog = 0;
		};
		88B984ADE4F931002923A6C3 /* [CP] Check Pods Manifest.lock */ = {
			isa = PBXShellScriptBuildPhase;
			buildActionMask = 2147483647;
			files = (
			);
			inputFileListPaths = (
			);
			inputPaths = (
				"${PODS_PODFILE_DIR_PATH}/Podfile.lock",
				"${PODS_ROOT}/Manifest.lock",
			);
			name = "[CP] Check Pods Manifest.lock";
			outputFileListPaths = (
			);
			outputPaths = (
				"$(DERIVED_FILE_DIR)/Pods-GithubAPIsDemoTests-checkManifestLockResult.txt",
			);
			runOnlyForDeploymentPostprocessing = 0;
			shellPath = /bin/sh;
			shellScript = "diff \"${PODS_PODFILE_DIR_PATH}/Podfile.lock\" \"${PODS_ROOT}/Manifest.lock\" > /dev/null\nif [ $? != 0 ] ; then\n    # print error to STDERR\n    echo \"error: The sandbox is not in sync with the Podfile.lock. Run 'pod install' or update your CocoaPods installation.\" >&2\n    exit 1\nfi\n# This output is used by Xcode 'outputs' to avoid re-running this script phase.\necho \"SUCCESS\" > \"${SCRIPT_OUTPUT_FILE_0}\"\n";
			showEnvVarsInLog = 0;
		};
		D4E2C71DF347F93F5DCA2016 /* [CP] Check Pods Manifest.lock */ = {
			isa = PBXShellScriptBuildPhase;
			buildActionMask = 2147483647;
			files = (
			);
			inputFileListPaths = (
			);
			inputPaths = (
				"${PODS_PODFILE_DIR_PATH}/Podfile.lock",
				"${PODS_ROOT}/Manifest.lock",
			);
			name = "[CP] Check Pods Manifest.lock";
			outputFileListPaths = (
			);
			outputPaths = (
				"$(DERIVED_FILE_DIR)/Pods-GithubAPIsDemo-checkManifestLockResult.txt",
			);
			runOnlyForDeploymentPostprocessing = 0;
			shellPath = /bin/sh;
			shellScript = "diff \"${PODS_PODFILE_DIR_PATH}/Podfile.lock\" \"${PODS_ROOT}/Manifest.lock\" > /dev/null\nif [ $? != 0 ] ; then\n    # print error to STDERR\n    echo \"error: The sandbox is not in sync with the Podfile.lock. Run 'pod install' or update your CocoaPods installation.\" >&2\n    exit 1\nfi\n# This output is used by Xcode 'outputs' to avoid re-running this script phase.\necho \"SUCCESS\" > \"${SCRIPT_OUTPUT_FILE_0}\"\n";
			showEnvVarsInLog = 0;
		};
/* End PBXShellScriptBuildPhase section */

/* Begin PBXSourcesBuildPhase section */
		C49F502528CB724000C5CEAC /* Sources */ = {
			isa = PBXSourcesBuildPhase;
			buildActionMask = 2147483647;
			files = (
				C49F509028CBBFED00C5CEAC /* GithubEndpoint.swift in Sources */,
				C4A3403828CE372A004BC3CC /* UsersListCellViewModel.swift in Sources */,
				C42F711528CD259100F96242 /* Observerable.swift in Sources */,
				C42F710428CCC66700F96242 /* LoadViewShowing.swift in Sources */,
				C42F711928CD6E8800F96242 /* ReposViewController.swift in Sources */,
				C49F509128CBBFED00C5CEAC /* HttpService.swift in Sources */,
				C49F502D28CB724000C5CEAC /* AppDelegate.swift in Sources */,
				C49F508B28CB93C200C5CEAC /* UsersListViewController.swift in Sources */,
				C49F502F28CB724000C5CEAC /* SceneDelegate.swift in Sources */,
				C42F711128CCCA4D00F96242 /* GithubService.swift in Sources */,
				C42F710628CCC66700F96242 /* ErrorViewShowing.swift in Sources */,
				C49F509328CBC15400C5CEAC /* EndpointProtocol.swift in Sources */,
				C42F710928CCC6FE00F96242 /* UsersListViewModel.swift in Sources */,
				C42F710D28CCC8A900F96242 /* UsersListTableViewCell.swift in Sources */,
			);
			runOnlyForDeploymentPostprocessing = 0;
		};
		C49F503B28CB724200C5CEAC /* Sources */ = {
			isa = PBXSourcesBuildPhase;
			buildActionMask = 2147483647;
			files = (
				C49F504428CB724200C5CEAC /* GithubAPIsDemoTests.swift in Sources */,
			);
			runOnlyForDeploymentPostprocessing = 0;
		};
		C49F504528CB724200C5CEAC /* Sources */ = {
			isa = PBXSourcesBuildPhase;
			buildActionMask = 2147483647;
			files = (
				C49F504E28CB724200C5CEAC /* GithubAPIsDemoUITests.swift in Sources */,
				C49F505028CB724200C5CEAC /* GithubAPIsDemoUITestsLaunchTests.swift in Sources */,
			);
			runOnlyForDeploymentPostprocessing = 0;
		};
/* End PBXSourcesBuildPhase section */

/* Begin PBXTargetDependency section */
		C49F504128CB724200C5CEAC /* PBXTargetDependency */ = {
			isa = PBXTargetDependency;
			target = C49F502828CB724000C5CEAC /* GithubAPIsDemo */;
			targetProxy = C49F504028CB724200C5CEAC /* PBXContainerItemProxy */;
		};
		C49F504B28CB724200C5CEAC /* PBXTargetDependency */ = {
			isa = PBXTargetDependency;
			target = C49F502828CB724000C5CEAC /* GithubAPIsDemo */;
			targetProxy = C49F504A28CB724200C5CEAC /* PBXContainerItemProxy */;
		};
/* End PBXTargetDependency section */

/* Begin PBXVariantGroup section */
		C49F503728CB724200C5CEAC /* LaunchScreen.storyboard */ = {
			isa = PBXVariantGroup;
			children = (
				C49F503828CB724200C5CEAC /* Base */,
			);
			name = LaunchScreen.storyboard;
			sourceTree = "<group>";
		};
/* End PBXVariantGroup section */

/* Begin XCBuildConfiguration section */
		C49F505128CB724200C5CEAC /* Debug */ = {
			isa = XCBuildConfiguration;
			buildSettings = {
				ALWAYS_SEARCH_USER_PATHS = NO;
				CLANG_ANALYZER_NONNULL = YES;
				CLANG_ANALYZER_NUMBER_OBJECT_CONVERSION = YES_AGGRESSIVE;
				CLANG_CXX_LANGUAGE_STANDARD = "gnu++17";
				CLANG_ENABLE_MODULES = YES;
				CLANG_ENABLE_OBJC_ARC = YES;
				CLANG_ENABLE_OBJC_WEAK = YES;
				CLANG_WARN_BLOCK_CAPTURE_AUTORELEASING = YES;
				CLANG_WARN_BOOL_CONVERSION = YES;
				CLANG_WARN_COMMA = YES;
				CLANG_WARN_CONSTANT_CONVERSION = YES;
				CLANG_WARN_DEPRECATED_OBJC_IMPLEMENTATIONS = YES;
				CLANG_WARN_DIRECT_OBJC_ISA_USAGE = YES_ERROR;
				CLANG_WARN_DOCUMENTATION_COMMENTS = YES;
				CLANG_WARN_EMPTY_BODY = YES;
				CLANG_WARN_ENUM_CONVERSION = YES;
				CLANG_WARN_INFINITE_RECURSION = YES;
				CLANG_WARN_INT_CONVERSION = YES;
				CLANG_WARN_NON_LITERAL_NULL_CONVERSION = YES;
				CLANG_WARN_OBJC_IMPLICIT_RETAIN_SELF = YES;
				CLANG_WARN_OBJC_LITERAL_CONVERSION = YES;
				CLANG_WARN_OBJC_ROOT_CLASS = YES_ERROR;
				CLANG_WARN_QUOTED_INCLUDE_IN_FRAMEWORK_HEADER = YES;
				CLANG_WARN_RANGE_LOOP_ANALYSIS = YES;
				CLANG_WARN_STRICT_PROTOTYPES = YES;
				CLANG_WARN_SUSPICIOUS_MOVE = YES;
				CLANG_WARN_UNGUARDED_AVAILABILITY = YES_AGGRESSIVE;
				CLANG_WARN_UNREACHABLE_CODE = YES;
				CLANG_WARN__DUPLICATE_METHOD_MATCH = YES;
				COPY_PHASE_STRIP = NO;
				DEBUG_INFORMATION_FORMAT = dwarf;
				ENABLE_STRICT_OBJC_MSGSEND = YES;
				ENABLE_TESTABILITY = YES;
				GCC_C_LANGUAGE_STANDARD = gnu11;
				GCC_DYNAMIC_NO_PIC = NO;
				GCC_NO_COMMON_BLOCKS = YES;
				GCC_OPTIMIZATION_LEVEL = 0;
				GCC_PREPROCESSOR_DEFINITIONS = (
					"DEBUG=1",
					"$(inherited)",
				);
				GCC_WARN_64_TO_32_BIT_CONVERSION = YES;
				GCC_WARN_ABOUT_RETURN_TYPE = YES_ERROR;
				GCC_WARN_UNDECLARED_SELECTOR = YES;
				GCC_WARN_UNINITIALIZED_AUTOS = YES_AGGRESSIVE;
				GCC_WARN_UNUSED_FUNCTION = YES;
				GCC_WARN_UNUSED_VARIABLE = YES;
				IPHONEOS_DEPLOYMENT_TARGET = 13.0;
				MTL_ENABLE_DEBUG_INFO = INCLUDE_SOURCE;
				MTL_FAST_MATH = YES;
				ONLY_ACTIVE_ARCH = YES;
				SDKROOT = iphoneos;
				SWIFT_ACTIVE_COMPILATION_CONDITIONS = DEBUG;
				SWIFT_OPTIMIZATION_LEVEL = "-Onone";
			};
			name = Debug;
		};
		C49F505228CB724200C5CEAC /* Release */ = {
			isa = XCBuildConfiguration;
			buildSettings = {
				ALWAYS_SEARCH_USER_PATHS = NO;
				CLANG_ANALYZER_NONNULL = YES;
				CLANG_ANALYZER_NUMBER_OBJECT_CONVERSION = YES_AGGRESSIVE;
				CLANG_CXX_LANGUAGE_STANDARD = "gnu++17";
				CLANG_ENABLE_MODULES = YES;
				CLANG_ENABLE_OBJC_ARC = YES;
				CLANG_ENABLE_OBJC_WEAK = YES;
				CLANG_WARN_BLOCK_CAPTURE_AUTORELEASING = YES;
				CLANG_WARN_BOOL_CONVERSION = YES;
				CLANG_WARN_COMMA = YES;
				CLANG_WARN_CONSTANT_CONVERSION = YES;
				CLANG_WARN_DEPRECATED_OBJC_IMPLEMENTATIONS = YES;
				CLANG_WARN_DIRECT_OBJC_ISA_USAGE = YES_ERROR;
				CLANG_WARN_DOCUMENTATION_COMMENTS = YES;
				CLANG_WARN_EMPTY_BODY = YES;
				CLANG_WARN_ENUM_CONVERSION = YES;
				CLANG_WARN_INFINITE_RECURSION = YES;
				CLANG_WARN_INT_CONVERSION = YES;
				CLANG_WARN_NON_LITERAL_NULL_CONVERSION = YES;
				CLANG_WARN_OBJC_IMPLICIT_RETAIN_SELF = YES;
				CLANG_WARN_OBJC_LITERAL_CONVERSION = YES;
				CLANG_WARN_OBJC_ROOT_CLASS = YES_ERROR;
				CLANG_WARN_QUOTED_INCLUDE_IN_FRAMEWORK_HEADER = YES;
				CLANG_WARN_RANGE_LOOP_ANALYSIS = YES;
				CLANG_WARN_STRICT_PROTOTYPES = YES;
				CLANG_WARN_SUSPICIOUS_MOVE = YES;
				CLANG_WARN_UNGUARDED_AVAILABILITY = YES_AGGRESSIVE;
				CLANG_WARN_UNREACHABLE_CODE = YES;
				CLANG_WARN__DUPLICATE_METHOD_MATCH = YES;
				COPY_PHASE_STRIP = NO;
				DEBUG_INFORMATION_FORMAT = "dwarf-with-dsym";
				ENABLE_NS_ASSERTIONS = NO;
				ENABLE_STRICT_OBJC_MSGSEND = YES;
				GCC_C_LANGUAGE_STANDARD = gnu11;
				GCC_NO_COMMON_BLOCKS = YES;
				GCC_WARN_64_TO_32_BIT_CONVERSION = YES;
				GCC_WARN_ABOUT_RETURN_TYPE = YES_ERROR;
				GCC_WARN_UNDECLARED_SELECTOR = YES;
				GCC_WARN_UNINITIALIZED_AUTOS = YES_AGGRESSIVE;
				GCC_WARN_UNUSED_FUNCTION = YES;
				GCC_WARN_UNUSED_VARIABLE = YES;
				IPHONEOS_DEPLOYMENT_TARGET = 13.0;
				MTL_ENABLE_DEBUG_INFO = NO;
				MTL_FAST_MATH = YES;
				SDKROOT = iphoneos;
				SWIFT_COMPILATION_MODE = wholemodule;
				SWIFT_OPTIMIZATION_LEVEL = "-O";
				VALIDATE_PRODUCT = YES;
			};
			name = Release;
		};
		C49F505428CB724200C5CEAC /* Debug */ = {
			isa = XCBuildConfiguration;
			baseConfigurationReference = 06D4546F796BB9D352F6A6A7 /* Pods-GithubAPIsDemo.debug.xcconfig */;
			buildSettings = {
				ASSETCATALOG_COMPILER_APPICON_NAME = AppIcon;
				ASSETCATALOG_COMPILER_GLOBAL_ACCENT_COLOR_NAME = AccentColor;
				CODE_SIGN_STYLE = Automatic;
				CURRENT_PROJECT_VERSION = 1;
				GENERATE_INFOPLIST_FILE = YES;
				INFOPLIST_FILE = GithubAPIsDemo/Info.plist;
				INFOPLIST_KEY_UIApplicationSupportsIndirectInputEvents = YES;
				INFOPLIST_KEY_UILaunchStoryboardName = LaunchScreen;
				INFOPLIST_KEY_UISupportedInterfaceOrientations_iPad = "UIInterfaceOrientationPortrait UIInterfaceOrientationPortraitUpsideDown UIInterfaceOrientationLandscapeLeft UIInterfaceOrientationLandscapeRight";
				INFOPLIST_KEY_UISupportedInterfaceOrientations_iPhone = "UIInterfaceOrientationPortrait UIInterfaceOrientationLandscapeLeft UIInterfaceOrientationLandscapeRight";
				IPHONEOS_DEPLOYMENT_TARGET = 13.0;
				LD_RUNPATH_SEARCH_PATHS = (
					"$(inherited)",
					"@executable_path/Frameworks",
				);
				MARKETING_VERSION = 1.0;
				PRODUCT_BUNDLE_IDENTIFIER = hesham.GithubAPIsDemo;
				PRODUCT_NAME = "$(TARGET_NAME)";
				SWIFT_EMIT_LOC_STRINGS = YES;
				SWIFT_VERSION = 5.0;
				TARGETED_DEVICE_FAMILY = "1,2";
			};
			name = Debug;
		};
		C49F505528CB724200C5CEAC /* Release */ = {
			isa = XCBuildConfiguration;
			baseConfigurationReference = 93F3DF9DA6CFC7EB3309C130 /* Pods-GithubAPIsDemo.release.xcconfig */;
			buildSettings = {
				ASSETCATALOG_COMPILER_APPICON_NAME = AppIcon;
				ASSETCATALOG_COMPILER_GLOBAL_ACCENT_COLOR_NAME = AccentColor;
				CODE_SIGN_STYLE = Automatic;
				CURRENT_PROJECT_VERSION = 1;
				GENERATE_INFOPLIST_FILE = YES;
				INFOPLIST_FILE = GithubAPIsDemo/Info.plist;
				INFOPLIST_KEY_UIApplicationSupportsIndirectInputEvents = YES;
				INFOPLIST_KEY_UILaunchStoryboardName = LaunchScreen;
				INFOPLIST_KEY_UISupportedInterfaceOrientations_iPad = "UIInterfaceOrientationPortrait UIInterfaceOrientationPortraitUpsideDown UIInterfaceOrientationLandscapeLeft UIInterfaceOrientationLandscapeRight";
				INFOPLIST_KEY_UISupportedInterfaceOrientations_iPhone = "UIInterfaceOrientationPortrait UIInterfaceOrientationLandscapeLeft UIInterfaceOrientationLandscapeRight";
				IPHONEOS_DEPLOYMENT_TARGET = 13.0;
				LD_RUNPATH_SEARCH_PATHS = (
					"$(inherited)",
					"@executable_path/Frameworks",
				);
				MARKETING_VERSION = 1.0;
				PRODUCT_BUNDLE_IDENTIFIER = hesham.GithubAPIsDemo;
				PRODUCT_NAME = "$(TARGET_NAME)";
				SWIFT_EMIT_LOC_STRINGS = YES;
				SWIFT_VERSION = 5.0;
				TARGETED_DEVICE_FAMILY = "1,2";
			};
			name = Release;
		};
		C49F505728CB724200C5CEAC /* Debug */ = {
			isa = XCBuildConfiguration;
			baseConfigurationReference = 9E80BCFC2726BF3EBAA9EADC /* Pods-GithubAPIsDemoTests.debug.xcconfig */;
			buildSettings = {
				ALWAYS_EMBED_SWIFT_STANDARD_LIBRARIES = YES;
				BUNDLE_LOADER = "$(TEST_HOST)";
				CODE_SIGN_STYLE = Automatic;
				CURRENT_PROJECT_VERSION = 1;
				GENERATE_INFOPLIST_FILE = YES;
				IPHONEOS_DEPLOYMENT_TARGET = 15.4;
				MARKETING_VERSION = 1.0;
				PRODUCT_BUNDLE_IDENTIFIER = hesham.GithubAPIsDemoTests;
				PRODUCT_NAME = "$(TARGET_NAME)";
				SWIFT_EMIT_LOC_STRINGS = NO;
				SWIFT_VERSION = 5.0;
				TARGETED_DEVICE_FAMILY = "1,2";
				TEST_HOST = "$(BUILT_PRODUCTS_DIR)/GithubAPIsDemo.app/GithubAPIsDemo";
			};
			name = Debug;
		};
		C49F505828CB724200C5CEAC /* Release */ = {
			isa = XCBuildConfiguration;
			baseConfigurationReference = F52A382746AC6CEA9EDEC65A /* Pods-GithubAPIsDemoTests.release.xcconfig */;
			buildSettings = {
				ALWAYS_EMBED_SWIFT_STANDARD_LIBRARIES = YES;
				BUNDLE_LOADER = "$(TEST_HOST)";
				CODE_SIGN_STYLE = Automatic;
				CURRENT_PROJECT_VERSION = 1;
				GENERATE_INFOPLIST_FILE = YES;
				IPHONEOS_DEPLOYMENT_TARGET = 15.4;
				MARKETING_VERSION = 1.0;
				PRODUCT_BUNDLE_IDENTIFIER = hesham.GithubAPIsDemoTests;
				PRODUCT_NAME = "$(TARGET_NAME)";
				SWIFT_EMIT_LOC_STRINGS = NO;
				SWIFT_VERSION = 5.0;
				TARGETED_DEVICE_FAMILY = "1,2";
				TEST_HOST = "$(BUILT_PRODUCTS_DIR)/GithubAPIsDemo.app/GithubAPIsDemo";
			};
			name = Release;
		};
		C49F505A28CB724200C5CEAC /* Debug */ = {
			isa = XCBuildConfiguration;
			baseConfigurationReference = A908C33A94F551512F4561F5 /* Pods-GithubAPIsDemo-GithubAPIsDemoUITests.debug.xcconfig */;
			buildSettings = {
				ALWAYS_EMBED_SWIFT_STANDARD_LIBRARIES = YES;
				CODE_SIGN_STYLE = Automatic;
				CURRENT_PROJECT_VERSION = 1;
				GENERATE_INFOPLIST_FILE = YES;
				MARKETING_VERSION = 1.0;
				PRODUCT_BUNDLE_IDENTIFIER = hesham.GithubAPIsDemoUITests;
				PRODUCT_NAME = "$(TARGET_NAME)";
				SWIFT_EMIT_LOC_STRINGS = NO;
				SWIFT_VERSION = 5.0;
				TARGETED_DEVICE_FAMILY = "1,2";
				TEST_TARGET_NAME = GithubAPIsDemo;
			};
			name = Debug;
		};
		C49F505B28CB724200C5CEAC /* Release */ = {
			isa = XCBuildConfiguration;
			baseConfigurationReference = E4CD03A15E693A505F95FF4B /* Pods-GithubAPIsDemo-GithubAPIsDemoUITests.release.xcconfig */;
			buildSettings = {
				ALWAYS_EMBED_SWIFT_STANDARD_LIBRARIES = YES;
				CODE_SIGN_STYLE = Automatic;
				CURRENT_PROJECT_VERSION = 1;
				GENERATE_INFOPLIST_FILE = YES;
				MARKETING_VERSION = 1.0;
				PRODUCT_BUNDLE_IDENTIFIER = hesham.GithubAPIsDemoUITests;
				PRODUCT_NAME = "$(TARGET_NAME)";
				SWIFT_EMIT_LOC_STRINGS = NO;
				SWIFT_VERSION = 5.0;
				TARGETED_DEVICE_FAMILY = "1,2";
				TEST_TARGET_NAME = GithubAPIsDemo;
			};
			name = Release;
		};
/* End XCBuildConfiguration section */

/* Begin XCConfigurationList section */
		C49F502428CB724000C5CEAC /* Build configuration list for PBXProject "GithubAPIsDemo" */ = {
			isa = XCConfigurationList;
			buildConfigurations = (
				C49F505128CB724200C5CEAC /* Debug */,
				C49F505228CB724200C5CEAC /* Release */,
			);
			defaultConfigurationIsVisible = 0;
			defaultConfigurationName = Release;
		};
		C49F505328CB724200C5CEAC /* Build configuration list for PBXNativeTarget "GithubAPIsDemo" */ = {
			isa = XCConfigurationList;
			buildConfigurations = (
				C49F505428CB724200C5CEAC /* Debug */,
				C49F505528CB724200C5CEAC /* Release */,
			);
			defaultConfigurationIsVisible = 0;
			defaultConfigurationName = Release;
		};
		C49F505628CB724200C5CEAC /* Build configuration list for PBXNativeTarget "GithubAPIsDemoTests" */ = {
			isa = XCConfigurationList;
			buildConfigurations = (
				C49F505728CB724200C5CEAC /* Debug */,
				C49F505828CB724200C5CEAC /* Release */,
			);
			defaultConfigurationIsVisible = 0;
			defaultConfigurationName = Release;
		};
		C49F505928CB724200C5CEAC /* Build configuration list for PBXNativeTarget "GithubAPIsDemoUITests" */ = {
			isa = XCConfigurationList;
			buildConfigurations = (
				C49F505A28CB724200C5CEAC /* Debug */,
				C49F505B28CB724200C5CEAC /* Release */,
			);
			defaultConfigurationIsVisible = 0;
			defaultConfigurationName = Release;
		};
/* End XCConfigurationList section */
	};
	rootObject = C49F502128CB724000C5CEAC /* Project object */;
}
